
Microsoft Visual Studio Solution File, Format Version 12.00
# Visual Studio 15
VisualStudioVersion = 15.0.26124.0
MinimumVisualStudioVersion = 15.0.26124.0
Project("{FAE04EC0-301F-11D3-BF4B-00C04F79EFBC}") = "api", "api\api.csproj", "{68DF8D31-6EDD-40B5-A149-46621173F93A}"
EndProject
Project("{FAE04EC0-301F-11D3-BF4B-00C04F79EFBC}") = "Infrastructure", "Infrastructure\Infrastructure.csproj", "{4A1258DB-67CE-4350-8E4E-D989439996C1}"
EndProject
Project("{FAE04EC0-301F-11D3-BF4B-00C04F79EFBC}") = "Domains", "Domains\Domains.csproj", "{8B818878-4B0F-45A5-B350-CF2B898E6468}"
EndProject
Global
	GlobalSection(SolutionConfigurationPlatforms) = preSolution
		Debug|Any CPU = Debug|Any CPU
		Debug|x64 = Debug|x64
		Debug|x86 = Debug|x86
		Release|Any CPU = Release|Any CPU
		Release|x64 = Release|x64
		Release|x86 = Release|x86
	EndGlobalSection
	GlobalSection(SolutionProperties) = preSolution
		HideSolutionNode = FALSE
	EndGlobalSection
	GlobalSection(ProjectConfigurationPlatforms) = postSolution
		{68DF8D31-6EDD-40B5-A149-46621173F93A}.Debug|Any CPU.ActiveCfg = Debug|Any CPU
		{68DF8D31-6EDD-40B5-A149-46621173F93A}.Debug|Any CPU.Build.0 = Debug|Any CPU
		{68DF8D31-6EDD-40B5-A149-46621173F93A}.Debug|x64.ActiveCfg = Debug|Any CPU
		{68DF8D31-6EDD-40B5-A149-46621173F93A}.Debug|x64.Build.0 = Debug|Any CPU
		{68DF8D31-6EDD-40B5-A149-46621173F93A}.Debug|x86.ActiveCfg = Debug|Any CPU
		{68DF8D31-6EDD-40B5-A149-46621173F93A}.Debug|x86.Build.0 = Debug|Any CPU
		{68DF8D31-6EDD-40B5-A149-46621173F93A}.Release|Any CPU.ActiveCfg = Release|Any CPU
		{68DF8D31-6EDD-40B5-A149-46621173F93A}.Release|Any CPU.Build.0 = Release|Any CPU
		{68DF8D31-6EDD-40B5-A149-46621173F93A}.Release|x64.ActiveCfg = Release|Any CPU
		{68DF8D31-6EDD-40B5-A149-46621173F93A}.Release|x64.Build.0 = Release|Any CPU
		{68DF8D31-6EDD-40B5-A149-46621173F93A}.Release|x86.ActiveCfg = Release|Any CPU
		{68DF8D31-6EDD-40B5-A149-46621173F93A}.Release|x86.Build.0 = Release|Any CPU
		{4A1258DB-67CE-4350-8E4E-D989439996C1}.Debug|Any CPU.ActiveCfg = Debug|Any CPU
		{4A1258DB-67CE-4350-8E4E-D989439996C1}.Debug|Any CPU.Build.0 = Debug|Any CPU
		{4A1258DB-67CE-4350-8E4E-D989439996C1}.Debug|x64.ActiveCfg = Debug|Any CPU
		{4A1258DB-67CE-4350-8E4E-D989439996C1}.Debug|x64.Build.0 = Debug|Any CPU
		{4A1258DB-67CE-4350-8E4E-D989439996C1}.Debug|x86.ActiveCfg = Debug|Any CPU
		{4A1258DB-67CE-4350-8E4E-D989439996C1}.Debug|x86.Build.0 = Debug|Any CPU
		{4A1258DB-67CE-4350-8E4E-D989439996C1}.Release|Any CPU.ActiveCfg = Release|Any CPU
		{4A1258DB-67CE-4350-8E4E-D989439996C1}.Release|Any CPU.Build.0 = Release|Any CPU
		{4A1258DB-67CE-4350-8E4E-D989439996C1}.Release|x64.ActiveCfg = Release|Any CPU
		{4A1258DB-67CE-4350-8E4E-D989439996C1}.Release|x64.Build.0 = Release|Any CPU
		{4A1258DB-67CE-4350-8E4E-D989439996C1}.Release|x86.ActiveCfg = Release|Any CPU
		{4A1258DB-67CE-4350-8E4E-D989439996C1}.Release|x86.Build.0 = Release|Any CPU
		{8B818878-4B0F-45A5-B350-CF2B898E6468}.Debug|Any CPU.ActiveCfg = Debug|Any CPU
		{8B818878-4B0F-45A5-B350-CF2B898E6468}.Debug|Any CPU.Build.0 = Debug|Any CPU
		{8B818878-4B0F-45A5-B350-CF2B898E6468}.Debug|x64.ActiveCfg = Debug|Any CPU
		{8B818878-4B0F-45A5-B350-CF2B898E6468}.Debug|x64.Build.0 = Debug|Any CPU
		{8B818878-4B0F-45A5-B350-CF2B898E6468}.Debug|x86.ActiveCfg = Debug|Any CPU
		{8B818878-4B0F-45A5-B350-CF2B898E6468}.Debug|x86.Build.0 = Debug|Any CPU
		{8B818878-4B0F-45A5-B350-CF2B898E6468}.Release|Any CPU.ActiveCfg = Release|Any CPU
		{8B818878-4B0F-45A5-B350-CF2B898E6468}.Release|Any CPU.Build.0 = Release|Any CPU
		{8B818878-4B0F-45A5-B350-CF2B898E6468}.Release|x64.ActiveCfg = Release|Any CPU
		{8B818878-4B0F-45A5-B350-CF2B898E6468}.Release|x64.Build.0 = Release|Any CPU
		{8B818878-4B0F-45A5-B350-CF2B898E6468}.Release|x86.ActiveCfg = Release|Any CPU
		{8B818878-4B0F-45A5-B350-CF2B898E6468}.Release|x86.Build.0 = Release|Any CPU
	EndGlobalSection
EndGlobal
